// !$*UTF8*$!
{
	archiveVersion = 1;
	classes = {
	};
	objectVersion = 50;
	objects = {

/* Begin PBXBuildFile section */
		2DFDF97721F0A43800212665 /* AppDelegate.swift in Sources */ = {isa = PBXBuildFile; fileRef = 2DFDF97621F0A43800212665 /* AppDelegate.swift */; };
		2DFDF97921F0A43800212665 /* signInVC.swift in Sources */ = {isa = PBXBuildFile; fileRef = 2DFDF97821F0A43800212665 /* signInVC.swift */; };
		2DFDF97C21F0A43800212665 /* Main.storyboard in Resources */ = {isa = PBXBuildFile; fileRef = 2DFDF97A21F0A43800212665 /* Main.storyboard */; };
		2DFDF97E21F0A43B00212665 /* Assets.xcassets in Resources */ = {isa = PBXBuildFile; fileRef = 2DFDF97D21F0A43B00212665 /* Assets.xcassets */; };
		2DFDF98121F0A43B00212665 /* LaunchScreen.storyboard in Resources */ = {isa = PBXBuildFile; fileRef = 2DFDF97F21F0A43B00212665 /* LaunchScreen.storyboard */; };
		2DFDF98921F0A61600212665 /* placesVC.swift in Sources */ = {isa = PBXBuildFile; fileRef = 2DFDF98821F0A61600212665 /* placesVC.swift */; };
		2DFDF98B21F0A93700212665 /* select.png in Resources */ = {isa = PBXBuildFile; fileRef = 2DFDF98A21F0A93700212665 /* select.png */; };
		2DFDF98D21F0AA5E00212665 /* imageVC.swift in Sources */ = {isa = PBXBuildFile; fileRef = 2DFDF98C21F0AA5E00212665 /* imageVC.swift */; };
		2DFDF98F21F0AB9100212665 /* mapVC.swift in Sources */ = {isa = PBXBuildFile; fileRef = 2DFDF98E21F0AB9100212665 /* mapVC.swift */; };
		2DFDF99121F0AD8300212665 /* detailsVC.swift in Sources */ = {isa = PBXBuildFile; fileRef = 2DFDF99021F0AD8300212665 /* detailsVC.swift */; };
		809A31F62E92E5A856992604 /* Pods_Parse_Foursquare_Cln.framework in Frameworks */ = {isa = PBXBuildFile; fileRef = 5B5F05054D53FF4FDA7CA900 /* Pods_Parse_Foursquare_Cln.framework */; };
/* End PBXBuildFile section */

/* Begin PBXFileReference section */
		2DFDF97321F0A43800212665 /* Parse Foursquare Cln.app */ = {isa = PBXFileReference; explicitFileType = wrapper.application; includeInIndex = 0; path = "Parse Foursquare Cln.app"; sourceTree = BUILT_PRODUCTS_DIR; };
		2DFDF97621F0A43800212665 /* AppDelegate.swift */ = {isa = PBXFileReference; lastKnownFileType = sourcecode.swift; path = AppDelegate.swift; sourceTree = "<group>"; };
		2DFDF97821F0A43800212665 /* signInVC.swift */ = {isa = PBXFileReference; lastKnownFileType = sourcecode.swift; path = signInVC.swift; sourceTree = "<group>"; };
		2DFDF97B21F0A43800212665 /* Base */ = {isa = PBXFileReference; lastKnownFileType = file.storyboard; name = Base; path = Base.lproj/Main.storyboard; sourceTree = "<group>"; };
		2DFDF97D21F0A43B00212665 /* Assets.xcassets */ = {isa = PBXFileReference; lastKnownFileType = folder.assetcatalog; path = Assets.xcassets; sourceTree = "<group>"; };
		2DFDF98021F0A43B00212665 /* Base */ = {isa = PBXFileReference; lastKnownFileType = file.storyboard; name = Base; path = Base.lproj/LaunchScreen.storyboard; sourceTree = "<group>"; };
		2DFDF98221F0A43B00212665 /* Info.plist */ = {isa = PBXFileReference; lastKnownFileType = text.plist.xml; path = Info.plist; sourceTree = "<group>"; };
		2DFDF98821F0A61600212665 /* placesVC.swift */ = {isa = PBXFileReference; lastKnownFileType = sourcecode.swift; path = placesVC.swift; sourceTree = "<group>"; };
		2DFDF98A21F0A93700212665 /* select.png */ = {isa = PBXFileReference; lastKnownFileType = image.png; path = select.png; sourceTree = "<group>"; };
		2DFDF98C21F0AA5E00212665 /* imageVC.swift */ = {isa = PBXFileReference; lastKnownFileType = sourcecode.swift; path = imageVC.swift; sourceTree = "<group>"; };
		2DFDF98E21F0AB9100212665 /* mapVC.swift */ = {isa = PBXFileReference; lastKnownFileType = sourcecode.swift; path = mapVC.swift; sourceTree = "<group>"; };
		2DFDF99021F0AD8300212665 /* detailsVC.swift */ = {isa = PBXFileReference; lastKnownFileType = sourcecode.swift; path = detailsVC.swift; sourceTree = "<group>"; };
		5852A098761F8D280839582C /* Pods-Parse Foursquare Cln.release.xcconfig */ = {isa = PBXFileReference; includeInIndex = 1; lastKnownFileType = text.xcconfig; name = "Pods-Parse Foursquare Cln.release.xcconfig"; path = "Pods/Target Support Files/Pods-Parse Foursquare Cln/Pods-Parse Foursquare Cln.release.xcconfig"; sourceTree = "<group>"; };
		5B5F05054D53FF4FDA7CA900 /* Pods_Parse_Foursquare_Cln.framework */ = {isa = PBXFileReference; explicitFileType = wrapper.framework; includeInIndex = 0; path = Pods_Parse_Foursquare_Cln.framework; sourceTree = BUILT_PRODUCTS_DIR; };
		66DE661B95FD4BC299A2B19B /* Pods-Parse Foursquare Cln.debug.xcconfig */ = {isa = PBXFileReference; includeInIndex = 1; lastKnownFileType = text.xcconfig; name = "Pods-Parse Foursquare Cln.debug.xcconfig"; path = "Pods/Target Support Files/Pods-Parse Foursquare Cln/Pods-Parse Foursquare Cln.debug.xcconfig"; sourceTree = "<group>"; };
/* End PBXFileReference section */

/* Begin PBXFrameworksBuildPhase section */
		2DFDF97021F0A43800212665 /* Frameworks */ = {
			isa = PBXFrameworksBuildPhase;
			buildActionMask = 2147483647;
			files = (
				809A31F62E92E5A856992604 /* Pods_Parse_Foursquare_Cln.framework in Frameworks */,
			);
			runOnlyForDeploymentPostprocessing = 0;
		};
/* End PBXFrameworksBuildPhase section */

/* Begin PBXGroup section */
		2DFDF96A21F0A43800212665 = {
			isa = PBXGroup;
			children = (
				2DFDF97521F0A43800212665 /* Parse Foursquare Cln */,
				2DFDF97421F0A43800212665 /* Products */,
				D4931EC02E82986287EC5571 /* Pods */,
				42C28B31E0AFB0B3AC5EA199 /* Frameworks */,
			);
			sourceTree = "<group>";
		};
		2DFDF97421F0A43800212665 /* Products */ = {
			isa = PBXGroup;
			children = (
				2DFDF97321F0A43800212665 /* Parse Foursquare Cln.app */,
			);
			name = Products;
			sourceTree = "<group>";
		};
		2DFDF97521F0A43800212665 /* Parse Foursquare Cln */ = {
			isa = PBXGroup;
			children = (
				2DFDF98A21F0A93700212665 /* select.png */,
				2DFDF97621F0A43800212665 /* AppDelegate.swift */,
				2DFDF97821F0A43800212665 /* signInVC.swift */,
				2DFDF98821F0A61600212665 /* placesVC.swift */,
				2DFDF98C21F0AA5E00212665 /* imageVC.swift */,
				2DFDF98E21F0AB9100212665 /* mapVC.swift */,
				2DFDF99021F0AD8300212665 /* detailsVC.swift */,
				2DFDF97A21F0A43800212665 /* Main.storyboard */,
				2DFDF97D21F0A43B00212665 /* Assets.xcassets */,
				2DFDF97F21F0A43B00212665 /* LaunchScreen.storyboard */,
				2DFDF98221F0A43B00212665 /* Info.plist */,
			);
			path = "Parse Foursquare Cln";
			sourceTree = "<group>";
		};
		42C28B31E0AFB0B3AC5EA199 /* Frameworks */ = {
			isa = PBXGroup;
			children = (
				5B5F05054D53FF4FDA7CA900 /* Pods_Parse_Foursquare_Cln.framework */,
			);
			name = Frameworks;
			sourceTree = "<group>";
		};
		D4931EC02E82986287EC5571 /* Pods */ = {
			isa = PBXGroup;
			children = (
				66DE661B95FD4BC299A2B19B /* Pods-Parse Foursquare Cln.debug.xcconfig */,
				5852A098761F8D280839582C /* Pods-Parse Foursquare Cln.release.xcconfig */,
			);
			name = Pods;
			sourceTree = "<group>";
		};
/* End PBXGroup section */

/* Begin PBXNativeTarget section */
		2DFDF97221F0A43800212665 /* Parse Foursquare Cln */ = {
			isa = PBXNativeTarget;
			buildConfigurationList = 2DFDF98521F0A43B00212665 /* Build configuration list for PBXNativeTarget "Parse Foursquare Cln" */;
			buildPhases = (
				B26C69D2BA746364506C516F /* [CP] Check Pods Manifest.lock */,
				2DFDF96F21F0A43800212665 /* Sources */,
				2DFDF97021F0A43800212665 /* Frameworks */,
				2DFDF97121F0A43800212665 /* Resources */,
				F02D83499AB4D6550AC8292C /* [CP] Embed Pods Frameworks */,
			);
			buildRules = (
			);
			dependencies = (
			);
			name = "Parse Foursquare Cln";
			productName = "Parse Foursquare Cln";
			productReference = 2DFDF97321F0A43800212665 /* Parse Foursquare Cln.app */;
			productType = "com.apple.product-type.application";
		};
/* End PBXNativeTarget section */

/* Begin PBXProject section */
		2DFDF96B21F0A43800212665 /* Project object */ = {
			isa = PBXProject;
			attributes = {
				LastSwiftUpdateCheck = 1000;
				LastUpgradeCheck = 1000;
				ORGANIZATIONNAME = Erdo;
				TargetAttributes = {
					2DFDF97221F0A43800212665 = {
						CreatedOnToolsVersion = 10.0;
					};
				};
			};
			buildConfigurationList = 2DFDF96E21F0A43800212665 /* Build configuration list for PBXProject "Parse Foursquare Cln" */;
			compatibilityVersion = "Xcode 9.3";
			developmentRegion = en;
			hasScannedForEncodings = 0;
			knownRegions = (
				en,
				Base,
			);
			mainGroup = 2DFDF96A21F0A43800212665;
			productRefGroup = 2DFDF97421F0A43800212665 /* Products */;
			projectDirPath = "";
			projectRoot = "";
			targets = (
				2DFDF97221F0A43800212665 /* Parse Foursquare Cln */,
			);
		};
/* End PBXProject section */

/* Begin PBXResourcesBuildPhase section */
		2DFDF97121F0A43800212665 /* Resources */ = {
			isa = PBXResourcesBuildPhase;
			buildActionMask = 2147483647;
			files = (
				2DFDF98121F0A43B00212665 /* LaunchScreen.storyboard in Resources */,
				2DFDF98B21F0A93700212665 /* select.png in Resources */,
				2DFDF97E21F0A43B00212665 /* Assets.xcassets in Resources */,
				2DFDF97C21F0A43800212665 /* Main.storyboard in Resources */,
			);
			runOnlyForDeploymentPostprocessing = 0;
		};
/* End PBXResourcesBuildPhase section */

/* Begin PBXShellScriptBuildPhase section */
		B26C69D2BA746364506C516F /* [CP] Check Pods Manifest.lock */ = {
			isa = PBXShellScriptBuildPhase;
			buildActionMask = 2147483647;
			files = (
			);
			inputFileListPaths = (
			);
			inputPaths = (
				"${PODS_PODFILE_DIR_PATH}/Podfile.lock",
				"${PODS_ROOT}/Manifest.lock",
			);
			name = "[CP] Check Pods Manifest.lock";
			outputFileListPaths = (
			);
			outputPaths = (
				"$(DERIVED_FILE_DIR)/Pods-Parse Foursquare Cln-checkManifestLockResult.txt",
			);
			runOnlyForDeploymentPostprocessing = 0;
			shellPath = /bin/sh;
			shellScript = "diff \"${PODS_PODFILE_DIR_PATH}/Podfile.lock\" \"${PODS_ROOT}/Manifest.lock\" > /dev/null\nif [ $? != 0 ] ; then\n    # print error to STDERR\n    echo \"error: The sandbox is not in sync with the Podfile.lock. Run 'pod install' or update your CocoaPods installation.\" >&2\n    exit 1\nfi\n# This output is used by Xcode 'outputs' to avoid re-running this script phase.\necho \"SUCCESS\" > \"${SCRIPT_OUTPUT_FILE_0}\"\n";
			showEnvVarsInLog = 0;
		};
		F02D83499AB4D6550AC8292C /* [CP] Embed Pods Frameworks */ = {
			isa = PBXShellScriptBuildPhase;
			buildActionMask = 2147483647;
			files = (
			);
			inputFileListPaths = (
			);
			inputPaths = (
				"${SRCROOT}/Pods/Target Support Files/Pods-Parse Foursquare Cln/Pods-Parse Foursquare Cln-frameworks.sh",
				"${BUILT_PRODUCTS_DIR}/Bolts/Bolts.framework",
				"${BUILT_PRODUCTS_DIR}/Parse/Parse.framework",
			);
			name = "[CP] Embed Pods Frameworks";
			outputFileListPaths = (
			);
			outputPaths = (
				"${TARGET_BUILD_DIR}/${FRAMEWORKS_FOLDER_PATH}/Bolts.framework",
				"${TARGET_BUILD_DIR}/${FRAMEWORKS_FOLDER_PATH}/Parse.framework",
			);
			runOnlyForDeploymentPostprocessing = 0;
			shellPath = /bin/sh;
			shellScript = "\"${SRCROOT}/Pods/Target Support Files/Pods-Parse Foursquare Cln/Pods-Parse Foursquare Cln-frameworks.sh\"\n";
			showEnvVarsInLog = 0;
		};
/* End PBXShellScriptBuildPhase section */

/* Begin PBXSourcesBuildPhase section */
		2DFDF96F21F0A43800212665 /* Sources */ = {
			isa = PBXSourcesBuildPhase;
			buildActionMask = 2147483647;
			files = (
				2DFDF98F21F0AB9100212665 /* mapVC.swift in Sources */,
				2DFDF99121F0AD8300212665 /* detailsVC.swift in Sources */,
				2DFDF98D21F0AA5E00212665 /* imageVC.swift in Sources */,
				2DFDF97921F0A43800212665 /* signInVC.swift in Sources */,
				2DFDF97721F0A43800212665 /* AppDelegate.swift in Sources */,
				2DFDF98921F0A61600212665 /* placesVC.swift in Sources */,
			);
			runOnlyForDeploymentPostprocessing = 0;
		};
/* End PBXSourcesBuildPhase section */

/* Begin PBXVariantGroup section */
		2DFDF97A21F0A43800212665 /* Main.storyboard */ = {
			isa = PBXVariantGroup;
			children = (
				2DFDF97B21F0A43800212665 /* Base */,
			);
			name = Main.storyboard;
			sourceTree = "<group>";
		};
		2DFDF97F21F0A43B00212665 /* LaunchScreen.storyboard */ = {
			isa = PBXVariantGroup;
			children = (
				2DFDF98021F0A43B00212665 /* Base */,
			);
			name = LaunchScreen.storyboard;
			sourceTree = "<group>";
		};
/* End PBXVariantGroup section */

/* Begin XCBuildConfiguration section */
		2DFDF98321F0A43B00212665 /* Debug */ = {
			isa = XCBuildConfiguration;
			buildSettings = {
				ALWAYS_SEARCH_USER_PATHS = NO;
				CLANG_ANALYZER_NONNULL = YES;
				CLANG_ANALYZER_NUMBER_OBJECT_CONVERSION = YES_AGGRESSIVE;
				CLANG_CXX_LANGUAGE_STANDARD = "gnu++14";
				CLANG_CXX_LIBRARY = "libc++";
				CLANG_ENABLE_MODULES = YES;
				CLANG_ENABLE_OBJC_ARC = YES;
				CLANG_ENABLE_OBJC_WEAK = YES;
				CLANG_WARN_BLOCK_CAPTURE_AUTORELEASING = YES;
				CLANG_WARN_BOOL_CONVERSION = YES;
				CLANG_WARN_COMMA = YES;
				CLANG_WARN_CONSTANT_CONVERSION = YES;
				CLANG_WARN_DEPRECATED_OBJC_IMPLEMENTATIONS = YES;
				CLANG_WARN_DIRECT_OBJC_ISA_USAGE = YES_ERROR;
				CLANG_WARN_DOCUMENTATION_COMMENTS = YES;
				CLANG_WARN_EMPTY_BODY = YES;
				CLANG_WARN_ENUM_CONVERSION = YES;
				CLANG_WARN_INFINITE_RECURSION = YES;
				CLANG_WARN_INT_CONVERSION = YES;
				CLANG_WARN_NON_LITERAL_NULL_CONVERSION = YES;
				CLANG_WARN_OBJC_IMPLICIT_RETAIN_SELF = YES;
				CLANG_WARN_OBJC_LITERAL_CONVERSION = YES;
				CLANG_WARN_OBJC_ROOT_CLASS = YES_ERROR;
				CLANG_WARN_RANGE_LOOP_ANALYSIS = YES;
				CLANG_WARN_STRICT_PROTOTYPES = YES;
				CLANG_WARN_SUSPICIOUS_MOVE = YES;
				CLANG_WARN_UNGUARDED_AVAILABILITY = YES_AGGRESSIVE;
				CLANG_WARN_UNREACHABLE_CODE = YES;
				CLANG_WARN__DUPLICATE_METHOD_MATCH = YES;
				CODE_SIGN_IDENTITY = "iPhone Developer";
				COPY_PHASE_STRIP = NO;
				DEBUG_INFORMATION_FORMAT = dwarf;
				ENABLE_STRICT_OBJC_MSGSEND = YES;
				ENABLE_TESTABILITY = YES;
				GCC_C_LANGUAGE_STANDARD = gnu11;
				GCC_DYNAMIC_NO_PIC = NO;
				GCC_NO_COMMON_BLOCKS = YES;
				GCC_OPTIMIZATION_LEVEL = 0;
				GCC_PREPROCESSOR_DEFINITIONS = (
					"DEBUG=1",
					"$(inherited)",
				);
				GCC_WARN_64_TO_32_BIT_CONVERSION = YES;
				GCC_WARN_ABOUT_RETURN_TYPE = YES_ERROR;
				GCC_WARN_UNDECLARED_SELECTOR = YES;
				GCC_WARN_UNINITIALIZED_AUTOS = YES_AGGRESSIVE;
				GCC_WARN_UNUSED_FUNCTION = YES;
				GCC_WARN_UNUSED_VARIABLE = YES;
				IPHONEOS_DEPLOYMENT_TARGET = 12.0;
				MTL_ENABLE_DEBUG_INFO = INCLUDE_SOURCE;
				MTL_FAST_MATH = YES;
				ONLY_ACTIVE_ARCH = YES;
				SDKROOT = iphoneos;
				SWIFT_ACTIVE_COMPILATION_CONDITIONS = DEBUG;
				SWIFT_OPTIMIZATION_LEVEL = "-Onone";
			};
			name = Debug;
		};
		2DFDF98421F0A43B00212665 /* Release */ = {
			isa = XCBuildConfiguration;
			buildSettings = {
				ALWAYS_SEARCH_USER_PATHS = NO;
				CLANG_ANALYZER_NONNULL = YES;
				CLANG_ANALYZER_NUMBER_OBJECT_CONVERSION = YES_AGGRESSIVE;
				CLANG_CXX_LANGUAGE_STANDARD = "gnu++14";
				CLANG_CXX_LIBRARY = "libc++";
				CLANG_ENABLE_MODULES = YES;
				CLANG_ENABLE_OBJC_ARC = YES;
				CLANG_ENABLE_OBJC_WEAK = YES;
				CLANG_WARN_BLOCK_CAPTURE_AUTORELEASING = YES;
				CLANG_WARN_BOOL_CONVERSION = YES;
				CLANG_WARN_COMMA = YES;
				CLANG_WARN_CONSTANT_CONVERSION = YES;
				CLANG_WARN_DEPRECATED_OBJC_IMPLEMENTATIONS = YES;
				CLANG_WARN_DIRECT_OBJC_ISA_USAGE = YES_ERROR;
				CLANG_WARN_DOCUMENTATION_COMMENTS = YES;
				CLANG_WARN_EMPTY_BODY = YES;
				CLANG_WARN_ENUM_CONVERSION = YES;
				CLANG_WARN_INFINITE_RECURSION = YES;
				CLANG_WARN_INT_CONVERSION = YES;
				CLANG_WARN_NON_LITERAL_NULL_CONVERSION = YES;
				CLANG_WARN_OBJC_IMPLICIT_RETAIN_SELF = YES;
				CLANG_WARN_OBJC_LITERAL_CONVERSION = YES;
				CLANG_WARN_OBJC_ROOT_CLASS = YES_ERROR;
				CLANG_WARN_RANGE_LOOP_ANALYSIS = YES;
				CLANG_WARN_STRICT_PROTOTYPES = YES;
				CLANG_WARN_SUSPICIOUS_MOVE = YES;
				CLANG_WARN_UNGUARDED_AVAILABILITY = YES_AGGRESSIVE;
				CLANG_WARN_UNREACHABLE_CODE = YES;
				CLANG_WARN__DUPLICATE_METHOD_MATCH = YES;
				CODE_SIGN_IDENTITY = "iPhone Developer";
				COPY_PHASE_STRIP = NO;
				DEBUG_INFORMATION_FORMAT = "dwarf-with-dsym";
				ENABLE_NS_ASSERTIONS = NO;
				ENABLE_STRICT_OBJC_MSGSEND = YES;
				GCC_C_LANGUAGE_STANDARD = gnu11;
				GCC_NO_COMMON_BLOCKS = YES;
				GCC_WARN_64_TO_32_BIT_CONVERSION = YES;
				GCC_WARN_ABOUT_RETURN_TYPE = YES_ERROR;
				GCC_WARN_UNDECLARED_SELECTOR = YES;
				GCC_WARN_UNINITIALIZED_AUTOS = YES_AGGRESSIVE;
				GCC_WARN_UNUSED_FUNCTION = YES;
				GCC_WARN_UNUSED_VARIABLE = YES;
				IPHONEOS_DEPLOYMENT_TARGET = 12.0;
				MTL_ENABLE_DEBUG_INFO = NO;
				MTL_FAST_MATH = YES;
				SDKROOT = iphoneos;
				SWIFT_COMPILATION_MODE = wholemodule;
				SWIFT_OPTIMIZATION_LEVEL = "-O";
				VALIDATE_PRODUCT = YES;
			};
			name = Release;
		};
		2DFDF98621F0A43B00212665 /* Debug */ = {
			isa = XCBuildConfiguration;
			baseConfigurationReference = 66DE661B95FD4BC299A2B19B /* Pods-Parse Foursquare Cln.debug.xcconfig */;
			buildSettings = {
				ASSETCATALOG_COMPILER_APPICON_NAME = AppIcon;
				CODE_SIGN_STYLE = Automatic;
				DEVELOPMENT_TEAM = A93J87WMF2;
				INFOPLIST_FILE = "Parse Foursquare Cln/Info.plist";
				IPHONEOS_DEPLOYMENT_TARGET = 11.0;
				LD_RUNPATH_SEARCH_PATHS = (
					"$(inherited)",
					"@executable_path/Frameworks",
				);
				PRODUCT_BUNDLE_IDENTIFIER = "com.erdo.Parse-Foursquare-Cln";
				PRODUCT_NAME = "$(TARGET_NAME)";
				SWIFT_VERSION = 4.2;
				TARGETED_DEVICE_FAMILY = "1,2";
			};
			name = Debug;
		};
		2DFDF98721F0A43B00212665 /* Release */ = {
			isa = XCBuildConfiguration;
			baseConfigurationReference = 5852A098761F8D280839582C /* Pods-Parse Foursquare Cln.release.xcconfig */;
			buildSettings = {
				ASSETCATALOG_COMPILER_APPICON_NAME = AppIcon;
				CODE_SIGN_STYLE = Automatic;
				DEVELOPMENT_TEAM = A93J87WMF2;
				INFOPLIST_FILE = "Parse Foursquare Cln/Info.plist";
				IPHONEOS_DEPLOYMENT_TARGET = 11.0;
				LD_RUNPATH_SEARCH_PATHS = (
					"$(inherited)",
					"@executable_path/Frameworks",
				);
				PRODUCT_BUNDLE_IDENTIFIER = "com.erdo.Parse-Foursquare-Cln";
				PRODUCT_NAME = "$(TARGET_NAME)";
				SWIFT_VERSION = 4.2;
				TARGETED_DEVICE_FAMILY = "1,2";
			};
			name = Release;
		};
/* End XCBuildConfiguration section */

/* Begin XCConfigurationList section */
		2DFDF96E21F0A43800212665 /* Build configuration list for PBXProject "Parse Foursquare Cln" */ = {
			isa = XCConfigurationList;
			buildConfigurations = (
				2DFDF98321F0A43B00212665 /* Debug */,
				2DFDF98421F0A43B00212665 /* Release */,
			);
			defaultConfigurationIsVisible = 0;
			defaultConfigurationName = Release;
		};
		2DFDF98521F0A43B00212665 /* Build configuration list for PBXNativeTarget "Parse Foursquare Cln" */ = {
			isa = XCConfigurationList;
			buildConfigurations = (
				2DFDF98621F0A43B00212665 /* Debug */,
				2DFDF98721F0A43B00212665 /* Release */,
			);
			defaultConfigurationIsVisible = 0;
			defaultConfigurationName = Release;
		};
/* End XCConfigurationList section */
	};
	rootObject = 2DFDF96B21F0A43800212665 /* Project object */;
}
